
Microsoft Visual Studio Solution File, Format Version 12.00
# Visual Studio Version 17
VisualStudioVersion = 17.7.34202.233
MinimumVisualStudioVersion = 10.0.40219.1
Project("{FAE04EC0-301F-11D3-BF4B-00C04F79EFBC}") = "Client", "Client\Client.csproj", "{D71D2D3B-DA67-4801-A088-A10C360FE683}"
EndProject
Project("{FAE04EC0-301F-11D3-BF4B-00C04F79EFBC}") = "Api", "Api\Api.csproj", "{259D2606-3B4B-4CA9-A4A6-9DBA9D60647B}"
EndProject
Global
	GlobalSection(SolutionConfigurationPlatforms) = preSolution
		Debug|Any CPU = Debug|Any CPU
		Release|Any CPU = Release|Any CPU
	EndGlobalSection
	GlobalSection(ProjectConfigurationPlatforms) = postSolution
		{D71D2D3B-DA67-4801-A088-A10C360FE683}.Debug|Any CPU.ActiveCfg = Debug|Any CPU
		{D71D2D3B-DA67-4801-A088-A10C360FE683}.Debug|Any CPU.Build.0 = Debug|Any CPU
		{D71D2D3B-DA67-4801-A088-A10C360FE683}.Release|Any CPU.ActiveCfg = Release|Any CPU
		{D71D2D3B-DA67-4801-A088-A10C360FE683}.Release|Any CPU.Build.0 = Release|Any CPU
		{259D2606-3B4B-4CA9-A4A6-9DBA9D60647B}.Debug|Any CPU.ActiveCfg = Debug|Any CPU
		{259D2606-3B4B-4CA9-A4A6-9DBA9D60647B}.Debug|Any CPU.Build.0 = Debug|Any CPU
		{259D2606-3B4B-4CA9-A4A6-9DBA9D60647B}.Release|Any CPU.ActiveCfg = Release|Any CPU
		{259D2606-3B4B-4CA9-A4A6-9DBA9D60647B}.Release|Any CPU.Build.0 = Release|Any CPU
	EndGlobalSection
	GlobalSection(SolutionProperties) = preSolution
		HideSolutionNode = FALSE
	EndGlobalSection
	GlobalSection(ExtensibilityGlobals) = postSolution
		SolutionGuid = {384DEB6B-FBA6-45FD-918E-62FA858881E0}
	EndGlobalSection
EndGlobal
